// !$*UTF8*$!
{
	archiveVersion = 1;
	classes = {
	};
	objectVersion = 70;
	objects = {

/* Begin PBXBuildFile section */
		B660BBAC2D57DDEE009287B7 /* DummyJsonService in Frameworks */ = {isa = PBXBuildFile; productRef = B660BBAB2D57DDEE009287B7 /* DummyJsonService */; };
		B6A7A9022D57C4D500EF1A87 /* AuthService in Frameworks */ = {isa = PBXBuildFile; productRef = B6A7A9012D57C4D500EF1A87 /* AuthService */; };
		B6A7A9042D57C4D500EF1A87 /* MemberService in Frameworks */ = {isa = PBXBuildFile; productRef = B6A7A9032D57C4D500EF1A87 /* MemberService */; };
		BB483BA92CE91CFE008C5B39 /* Kingfisher in Frameworks */ = {isa = PBXBuildFile; productRef = BB483BA82CE91CFE008C5B39 /* Kingfisher */; };
		BB483BAC2CE91FFF008C5B39 /* Components in Frameworks */ = {isa = PBXBuildFile; productRef = BB483BAB2CE91FFF008C5B39 /* Components */; };
		BB5203DA2CF0DF3600772DC7 /* Network in Frameworks */ = {isa = PBXBuildFile; productRef = BB5203D92CF0DF3600772DC7 /* Network */; };
		BB5203E32CF0FAB200772DC7 /* Router in Frameworks */ = {isa = PBXBuildFile; productRef = BB5203E22CF0FAB200772DC7 /* Router */; };
		BB7927302CF4B321006FAD83 /* HomeUI in Frameworks */ = {isa = PBXBuildFile; productRef = BB79272F2CF4B321006FAD83 /* HomeUI */; };
		BB7927322CF4B321006FAD83 /* ProfileUI in Frameworks */ = {isa = PBXBuildFile; productRef = BB7927312CF4B321006FAD83 /* ProfileUI */; };
		BB7927342CF4C609006FAD83 /* SearchUI in Frameworks */ = {isa = PBXBuildFile; productRef = BB7927332CF4C609006FAD83 /* SearchUI */; };
		BBD8D4392C9B17F500A623BC /* Extensions in Frameworks */ = {isa = PBXBuildFile; productRef = BBD8D4382C9B17F500A623BC /* Extensions */; };
/* End PBXBuildFile section */

/* Begin PBXFileReference section */
		BB0DDDC82C95F44E002349CE /* playground.app */ = {isa = PBXFileReference; explicitFileType = wrapper.application; includeInIndex = 0; path = playground.app; sourceTree = BUILT_PRODUCTS_DIR; };
/* End PBXFileReference section */

/* Begin PBXFileSystemSynchronizedBuildFileExceptionSet section */
		BB2E03652CE91B0400D78277 /* PBXFileSystemSynchronizedBuildFileExceptionSet */ = {
			isa = PBXFileSystemSynchronizedBuildFileExceptionSet;
			membershipExceptions = (
				Components,
				Extensions,
				Features,
				Network,
				Router,
				Services,
			);
			target = BB0DDDC72C95F44E002349CE /* playground */;
		};
/* End PBXFileSystemSynchronizedBuildFileExceptionSet section */

/* Begin PBXFileSystemSynchronizedRootGroup section */
		BB2E035F2CE91B0400D78277 /* playground */ = {isa = PBXFileSystemSynchronizedRootGroup; exceptions = (BB2E03652CE91B0400D78277 /* PBXFileSystemSynchronizedBuildFileExceptionSet */, ); explicitFileTypes = {}; explicitFolders = (); path = playground; sourceTree = "<group>"; };
/* End PBXFileSystemSynchronizedRootGroup section */

/* Begin PBXFrameworksBuildPhase section */
		BB0DDDC52C95F44E002349CE /* Frameworks */ = {
			isa = PBXFrameworksBuildPhase;
			buildActionMask = 2147483647;
			files = (
				BB5203E32CF0FAB200772DC7 /* Router in Frameworks */,
				BB7927322CF4B321006FAD83 /* ProfileUI in Frameworks */,
				B6A7A9042D57C4D500EF1A87 /* MemberService in Frameworks */,
				BB483BA92CE91CFE008C5B39 /* Kingfisher in Frameworks */,
				BB5203DA2CF0DF3600772DC7 /* Network in Frameworks */,
				B660BBAC2D57DDEE009287B7 /* DummyJsonService in Frameworks */,
				B6A7A9022D57C4D500EF1A87 /* AuthService in Frameworks */,
				BB7927342CF4C609006FAD83 /* SearchUI in Frameworks */,
				BBD8D4392C9B17F500A623BC /* Extensions in Frameworks */,
				BB483BAC2CE91FFF008C5B39 /* Components in Frameworks */,
				BB7927302CF4B321006FAD83 /* HomeUI in Frameworks */,
			);
			runOnlyForDeploymentPostprocessing = 0;
		};
/* End PBXFrameworksBuildPhase section */

/* Begin PBXGroup section */
		BB0DDDBF2C95F44E002349CE = {
			isa = PBXGroup;
			children = (
				BB2E035F2CE91B0400D78277 /* playground */,
				BB0DDDC92C95F44E002349CE /* Products */,
				BB0DDDF32C960953002349CE /* Frameworks */,
			);
			sourceTree = "<group>";
		};
		BB0DDDC92C95F44E002349CE /* Products */ = {
			isa = PBXGroup;
			children = (
				BB0DDDC82C95F44E002349CE /* playground.app */,
			);
			name = Products;
			sourceTree = "<group>";
		};
		BB0DDDF32C960953002349CE /* Frameworks */ = {
			isa = PBXGroup;
			children = (
			);
			name = Frameworks;
			sourceTree = "<group>";
		};
/* End PBXGroup section */

/* Begin PBXNativeTarget section */
		BB0DDDC72C95F44E002349CE /* playground */ = {
			isa = PBXNativeTarget;
			buildConfigurationList = BB0DDDD62C95F44F002349CE /* Build configuration list for PBXNativeTarget "playground" */;
			buildPhases = (
				BB0DDDC42C95F44E002349CE /* Sources */,
				BB0DDDC52C95F44E002349CE /* Frameworks */,
				BB0DDDC62C95F44E002349CE /* Resources */,
			);
			buildRules = (
			);
			dependencies = (
			);
			fileSystemSynchronizedGroups = (
				BB2E035F2CE91B0400D78277 /* playground */,
			);
			name = playground;
			packageProductDependencies = (
				BBD8D4382C9B17F500A623BC /* Extensions */,
				BB483BA82CE91CFE008C5B39 /* Kingfisher */,
				BB483BAB2CE91FFF008C5B39 /* Components */,
				BB5203D92CF0DF3600772DC7 /* Network */,
				BB5203E22CF0FAB200772DC7 /* Router */,
				BB79272F2CF4B321006FAD83 /* HomeUI */,
				BB7927312CF4B321006FAD83 /* ProfileUI */,
				BB7927332CF4C609006FAD83 /* SearchUI */,
				B6A7A9012D57C4D500EF1A87 /* AuthService */,
				B6A7A9032D57C4D500EF1A87 /* MemberService */,
				B660BBAB2D57DDEE009287B7 /* DummyJsonService */,
			);
			productName = playground;
			productReference = BB0DDDC82C95F44E002349CE /* playground.app */;
			productType = "com.apple.product-type.application";
		};
/* End PBXNativeTarget section */

/* Begin PBXProject section */
		BB0DDDC02C95F44E002349CE /* Project object */ = {
			isa = PBXProject;
			attributes = {
				BuildIndependentTargetsInParallel = 1;
				LastSwiftUpdateCheck = 1540;
				LastUpgradeCheck = 1540;
				TargetAttributes = {
					BB0DDDC72C95F44E002349CE = {
						CreatedOnToolsVersion = 15.4;
					};
				};
			};
			buildConfigurationList = BB0DDDC32C95F44E002349CE /* Build configuration list for PBXProject "playground" */;
			compatibilityVersion = "Xcode 14.0";
			developmentRegion = en;
			hasScannedForEncodings = 0;
			knownRegions = (
				en,
				Base,
			);
			mainGroup = BB0DDDBF2C95F44E002349CE;
			packageReferences = (
				BB483BA72CE91CFE008C5B39 /* XCRemoteSwiftPackageReference "Kingfisher" */,
			);
			productRefGroup = BB0DDDC92C95F44E002349CE /* Products */;
			projectDirPath = "";
			projectRoot = "";
			targets = (
				BB0DDDC72C95F44E002349CE /* playground */,
			);
		};
/* End PBXProject section */

/* Begin PBXResourcesBuildPhase section */
		BB0DDDC62C95F44E002349CE /* Resources */ = {
			isa = PBXResourcesBuildPhase;
			buildActionMask = 2147483647;
			files = (
			);
			runOnlyForDeploymentPostprocessing = 0;
		};
/* End PBXResourcesBuildPhase section */

/* Begin PBXSourcesBuildPhase section */
		BB0DDDC42C95F44E002349CE /* Sources */ = {
			isa = PBXSourcesBuildPhase;
			buildActionMask = 2147483647;
			files = (
			);
			runOnlyForDeploymentPostprocessing = 0;
		};
/* End PBXSourcesBuildPhase section */

/* Begin XCBuildConfiguration section */
		BB0DDDD42C95F44F002349CE /* Debug */ = {
			isa = XCBuildConfiguration;
			buildSettings = {
				ALWAYS_SEARCH_USER_PATHS = NO;
				ASSETCATALOG_COMPILER_GENERATE_SWIFT_ASSET_SYMBOL_EXTENSIONS = YES;
				CLANG_ANALYZER_NONNULL = YES;
				CLANG_ANALYZER_NUMBER_OBJECT_CONVERSION = YES_AGGRESSIVE;
				CLANG_CXX_LANGUAGE_STANDARD = "gnu++20";
				CLANG_ENABLE_MODULES = YES;
				CLANG_ENABLE_OBJC_ARC = YES;
				CLANG_ENABLE_OBJC_WEAK = YES;
				CLANG_WARN_BLOCK_CAPTURE_AUTORELEASING = YES;
				CLANG_WARN_BOOL_CONVERSION = YES;
				CLANG_WARN_COMMA = YES;
				CLANG_WARN_CONSTANT_CONVERSION = YES;
				CLANG_WARN_DEPRECATED_OBJC_IMPLEMENTATIONS = YES;
				CLANG_WARN_DIRECT_OBJC_ISA_USAGE = YES_ERROR;
				CLANG_WARN_DOCUMENTATION_COMMENTS = YES;
				CLANG_WARN_EMPTY_BODY = YES;
				CLANG_WARN_ENUM_CONVERSION = YES;
				CLANG_WARN_INFINITE_RECURSION = YES;
				CLANG_WARN_INT_CONVERSION = YES;
				CLANG_WARN_NON_LITERAL_NULL_CONVERSION = YES;
				CLANG_WARN_OBJC_IMPLICIT_RETAIN_SELF = YES;
				CLANG_WARN_OBJC_LITERAL_CONVERSION = YES;
				CLANG_WARN_OBJC_ROOT_CLASS = YES_ERROR;
				CLANG_WARN_QUOTED_INCLUDE_IN_FRAMEWORK_HEADER = YES;
				CLANG_WARN_RANGE_LOOP_ANALYSIS = YES;
				CLANG_WARN_STRICT_PROTOTYPES = YES;
				CLANG_WARN_SUSPICIOUS_MOVE = YES;
				CLANG_WARN_UNGUARDED_AVAILABILITY = YES_AGGRESSIVE;
				CLANG_WARN_UNREACHABLE_CODE = YES;
				CLANG_WARN__DUPLICATE_METHOD_MATCH = YES;
				COPY_PHASE_STRIP = NO;
				DEBUG_INFORMATION_FORMAT = dwarf;
				ENABLE_STRICT_OBJC_MSGSEND = YES;
				ENABLE_TESTABILITY = YES;
				ENABLE_USER_SCRIPT_SANDBOXING = YES;
				GCC_C_LANGUAGE_STANDARD = gnu17;
				GCC_DYNAMIC_NO_PIC = NO;
				GCC_NO_COMMON_BLOCKS = YES;
				GCC_OPTIMIZATION_LEVEL = 0;
				GCC_PREPROCESSOR_DEFINITIONS = (
					"DEBUG=1",
					"$(inherited)",
				);
				GCC_WARN_64_TO_32_BIT_CONVERSION = YES;
				GCC_WARN_ABOUT_RETURN_TYPE = YES_ERROR;
				GCC_WARN_UNDECLARED_SELECTOR = YES;
				GCC_WARN_UNINITIALIZED_AUTOS = YES_AGGRESSIVE;
				GCC_WARN_UNUSED_FUNCTION = YES;
				GCC_WARN_UNUSED_VARIABLE = YES;
				IPHONEOS_DEPLOYMENT_TARGET = 18.0;
				LOCALIZATION_PREFERS_STRING_CATALOGS = YES;
				MTL_ENABLE_DEBUG_INFO = INCLUDE_SOURCE;
				MTL_FAST_MATH = YES;
				ONLY_ACTIVE_ARCH = YES;
				SDKROOT = iphoneos;
				SWIFT_ACTIVE_COMPILATION_CONDITIONS = "DEBUG $(inherited)";
				SWIFT_OPTIMIZATION_LEVEL = "-Onone";
				SWIFT_STRICT_CONCURRENCY = complete;
				SWIFT_VERSION = 6.0;
			};
			name = Debug;
		};
		BB0DDDD52C95F44F002349CE /* Release */ = {
			isa = XCBuildConfiguration;
			buildSettings = {
				ALWAYS_SEARCH_USER_PATHS = NO;
				ASSETCATALOG_COMPILER_GENERATE_SWIFT_ASSET_SYMBOL_EXTENSIONS = YES;
				CLANG_ANALYZER_NONNULL = YES;
				CLANG_ANALYZER_NUMBER_OBJECT_CONVERSION = YES_AGGRESSIVE;
				CLANG_CXX_LANGUAGE_STANDARD = "gnu++20";
				CLANG_ENABLE_MODULES = YES;
				CLANG_ENABLE_OBJC_ARC = YES;
				CLANG_ENABLE_OBJC_WEAK = YES;
				CLANG_WARN_BLOCK_CAPTURE_AUTORELEASING = YES;
				CLANG_WARN_BOOL_CONVERSION = YES;
				CLANG_WARN_COMMA = YES;
				CLANG_WARN_CONSTANT_CONVERSION = YES;
				CLANG_WARN_DEPRECATED_OBJC_IMPLEMENTATIONS = YES;
				CLANG_WARN_DIRECT_OBJC_ISA_USAGE = YES_ERROR;
				CLANG_WARN_DOCUMENTATION_COMMENTS = YES;
				CLANG_WARN_EMPTY_BODY = YES;
				CLANG_WARN_ENUM_CONVERSION = YES;
				CLANG_WARN_INFINITE_RECURSION = YES;
				CLANG_WARN_INT_CONVERSION = YES;
				CLANG_WARN_NON_LITERAL_NULL_CONVERSION = YES;
				CLANG_WARN_OBJC_IMPLICIT_RETAIN_SELF = YES;
				CLANG_WARN_OBJC_LITERAL_CONVERSION = YES;
				CLANG_WARN_OBJC_ROOT_CLASS = YES_ERROR;
				CLANG_WARN_QUOTED_INCLUDE_IN_FRAMEWORK_HEADER = YES;
				CLANG_WARN_RANGE_LOOP_ANALYSIS = YES;
				CLANG_WARN_STRICT_PROTOTYPES = YES;
				CLANG_WARN_SUSPICIOUS_MOVE = YES;
				CLANG_WARN_UNGUARDED_AVAILABILITY = YES_AGGRESSIVE;
				CLANG_WARN_UNREACHABLE_CODE = YES;
				CLANG_WARN__DUPLICATE_METHOD_MATCH = YES;
				COPY_PHASE_STRIP = NO;
				DEBUG_INFORMATION_FORMAT = "dwarf-with-dsym";
				ENABLE_NS_ASSERTIONS = NO;
				ENABLE_STRICT_OBJC_MSGSEND = YES;
				ENABLE_USER_SCRIPT_SANDBOXING = YES;
				GCC_C_LANGUAGE_STANDARD = gnu17;
				GCC_NO_COMMON_BLOCKS = YES;
				GCC_WARN_64_TO_32_BIT_CONVERSION = YES;
				GCC_WARN_ABOUT_RETURN_TYPE = YES_ERROR;
				GCC_WARN_UNDECLARED_SELECTOR = YES;
				GCC_WARN_UNINITIALIZED_AUTOS = YES_AGGRESSIVE;
				GCC_WARN_UNUSED_FUNCTION = YES;
				GCC_WARN_UNUSED_VARIABLE = YES;
				IPHONEOS_DEPLOYMENT_TARGET = 18.0;
				LOCALIZATION_PREFERS_STRING_CATALOGS = YES;
				MTL_ENABLE_DEBUG_INFO = NO;
				MTL_FAST_MATH = YES;
				SDKROOT = iphoneos;
				SWIFT_COMPILATION_MODE = wholemodule;
				SWIFT_STRICT_CONCURRENCY = complete;
				SWIFT_VERSION = 6.0;
				VALIDATE_PRODUCT = YES;
			};
			name = Release;
		};
		BB0DDDD72C95F44F002349CE /* Debug */ = {
			isa = XCBuildConfiguration;
			buildSettings = {
				ASSETCATALOG_COMPILER_APPICON_NAME = AppIcon;
				ASSETCATALOG_COMPILER_GLOBAL_ACCENT_COLOR_NAME = AccentColor;
				CODE_SIGN_STYLE = Automatic;
				CURRENT_PROJECT_VERSION = 1;
				DEVELOPMENT_ASSET_PATHS = "\"playground/Preview Content\"";
				DEVELOPMENT_TEAM = GW7G7YC46U;
				ENABLE_PREVIEWS = YES;
				GENERATE_INFOPLIST_FILE = YES;
				INFOPLIST_KEY_CFBundleDisplayName = playground;
				INFOPLIST_KEY_UIApplicationSceneManifest_Generation = YES;
				INFOPLIST_KEY_UIApplicationSupportsIndirectInputEvents = YES;
				INFOPLIST_KEY_UILaunchScreen_Generation = YES;
				INFOPLIST_KEY_UISupportedInterfaceOrientations = "UIInterfaceOrientationLandscapeLeft UIInterfaceOrientationLandscapeRight UIInterfaceOrientationPortrait";
				INFOPLIST_KEY_UISupportedInterfaceOrientations_iPad = "UIInterfaceOrientationLandscapeLeft UIInterfaceOrientationLandscapeRight UIInterfaceOrientationPortrait UIInterfaceOrientationPortraitUpsideDown";
				IPHONEOS_DEPLOYMENT_TARGET = 18.0;
				LD_RUNPATH_SEARCH_PATHS = (
					"$(inherited)",
					"@executable_path/Frameworks",
				);
				MARKETING_VERSION = 0.0.1;
				PRODUCT_BUNDLE_IDENTIFIER = dev.cemege.playground;
				PRODUCT_NAME = "$(TARGET_NAME)";
				SUPPORTED_PLATFORMS = "iphoneos iphonesimulator";
				SUPPORTS_MACCATALYST = NO;
				SUPPORTS_XR_DESIGNED_FOR_IPHONE_IPAD = NO;
				SWIFT_EMIT_LOC_STRINGS = YES;
				SWIFT_VERSION = 6.0;
				TARGETED_DEVICE_FAMILY = "1,2";
			};
			name = Debug;
		};
		BB0DDDD82C95F44F002349CE /* Release */ = {
			isa = XCBuildConfiguration;
			buildSettings = {
				ASSETCATALOG_COMPILER_APPICON_NAME = AppIcon;
				ASSETCATALOG_COMPILER_GLOBAL_ACCENT_COLOR_NAME = AccentColor;
				CODE_SIGN_STYLE = Automatic;
				CURRENT_PROJECT_VERSION = 1;
				DEVELOPMENT_ASSET_PATHS = "\"playground/Preview Content\"";
				DEVELOPMENT_TEAM = GW7G7YC46U;
				ENABLE_PREVIEWS = YES;
				GENERATE_INFOPLIST_FILE = YES;
				INFOPLIST_KEY_CFBundleDisplayName = playground;
				INFOPLIST_KEY_UIApplicationSceneManifest_Generation = YES;
				INFOPLIST_KEY_UIApplicationSupportsIndirectInputEvents = YES;
				INFOPLIST_KEY_UILaunchScreen_Generation = YES;
				INFOPLIST_KEY_UISupportedInterfaceOrientations = "UIInterfaceOrientationLandscapeLeft UIInterfaceOrientationLandscapeRight UIInterfaceOrientationPortrait";
				INFOPLIST_KEY_UISupportedInterfaceOrientations_iPad = "UIInterfaceOrientationLandscapeLeft UIInterfaceOrientationLandscapeRight UIInterfaceOrientationPortrait UIInterfaceOrientationPortraitUpsideDown";
				IPHONEOS_DEPLOYMENT_TARGET = 18.0;
				LD_RUNPATH_SEARCH_PATHS = (
					"$(inherited)",
					"@executable_path/Frameworks",
				);
				MARKETING_VERSION = 0.0.1;
				PRODUCT_BUNDLE_IDENTIFIER = dev.cemege.playground;
				PRODUCT_NAME = "$(TARGET_NAME)";
				SUPPORTED_PLATFORMS = "iphoneos iphonesimulator";
				SUPPORTS_MACCATALYST = NO;
				SUPPORTS_XR_DESIGNED_FOR_IPHONE_IPAD = NO;
				SWIFT_EMIT_LOC_STRINGS = YES;
				SWIFT_VERSION = 6.0;
				TARGETED_DEVICE_FAMILY = "1,2";
			};
			name = Release;
		};
/* End XCBuildConfiguration section */

/* Begin XCConfigurationList section */
		BB0DDDC32C95F44E002349CE /* Build configuration list for PBXProject "playground" */ = {
			isa = XCConfigurationList;
			buildConfigurations = (
				BB0DDDD42C95F44F002349CE /* Debug */,
				BB0DDDD52C95F44F002349CE /* Release */,
			);
			defaultConfigurationIsVisible = 0;
			defaultConfigurationName = Release;
		};
		BB0DDDD62C95F44F002349CE /* Build configuration list for PBXNativeTarget "playground" */ = {
			isa = XCConfigurationList;
			buildConfigurations = (
				BB0DDDD72C95F44F002349CE /* Debug */,
				BB0DDDD82C95F44F002349CE /* Release */,
			);
			defaultConfigurationIsVisible = 0;
			defaultConfigurationName = Release;
		};
/* End XCConfigurationList section */

/* Begin XCRemoteSwiftPackageReference section */
		BB483BA72CE91CFE008C5B39 /* XCRemoteSwiftPackageReference "Kingfisher" */ = {
			isa = XCRemoteSwiftPackageReference;
			repositoryURL = "https://github.com/onevcat/Kingfisher.git";
			requirement = {
				kind = upToNextMajorVersion;
				minimumVersion = 8.1.0;
			};
		};
/* End XCRemoteSwiftPackageReference section */

/* Begin XCSwiftPackageProductDependency section */
		B660BBAB2D57DDEE009287B7 /* DummyJsonService */ = {
			isa = XCSwiftPackageProductDependency;
			productName = DummyJsonService;
		};
		B6A7A9012D57C4D500EF1A87 /* AuthService */ = {
			isa = XCSwiftPackageProductDependency;
			productName = AuthService;
		};
		B6A7A9032D57C4D500EF1A87 /* MemberService */ = {
			isa = XCSwiftPackageProductDependency;
			productName = MemberService;
		};
		BB483BA82CE91CFE008C5B39 /* Kingfisher */ = {
			isa = XCSwiftPackageProductDependency;
			package = BB483BA72CE91CFE008C5B39 /* XCRemoteSwiftPackageReference "Kingfisher" */;
			productName = Kingfisher;
		};
		BB483BAB2CE91FFF008C5B39 /* Components */ = {
			isa = XCSwiftPackageProductDependency;
			productName = Components;
		};
		BB5203D92CF0DF3600772DC7 /* Network */ = {
			isa = XCSwiftPackageProductDependency;
			productName = Network;
		};
		BB5203E22CF0FAB200772DC7 /* Router */ = {
			isa = XCSwiftPackageProductDependency;
			productName = Router;
		};
		BB79272F2CF4B321006FAD83 /* HomeUI */ = {
			isa = XCSwiftPackageProductDependency;
			productName = HomeUI;
		};
		BB7927312CF4B321006FAD83 /* ProfileUI */ = {
			isa = XCSwiftPackageProductDependency;
			productName = ProfileUI;
		};
		BB7927332CF4C609006FAD83 /* SearchUI */ = {
			isa = XCSwiftPackageProductDependency;
			productName = SearchUI;
		};
		BBD8D4382C9B17F500A623BC /* Extensions */ = {
			isa = XCSwiftPackageProductDependency;
			productName = Extensions;
		};
/* End XCSwiftPackageProductDependency section */
	};
	rootObject = BB0DDDC02C95F44E002349CE /* Project object */;
}
